# THIS IS AN AUTOGENERATED FILE. DO NOT EDIT THIS FILE DIRECTLY.
# yarn lockfile v1


"@babel/code-frame@^7.0.0":
  "version" "7.18.6"
  dependencies:
    "@babel/highlight" "^7.18.6"

"@babel/helper-validator-identifier@^7.18.6":
  "version" "7.19.1"

"@babel/highlight@^7.18.6":
  "version" "7.18.6"
  dependencies:
    "@babel/helper-validator-identifier" "^7.18.6"
    "chalk" "^2.0.0"
    "js-tokens" "^4.0.0"

"@clerk/backend@^0.4.5":
  "version" "0.4.5"
  dependencies:
    "@clerk/types" "^3.24.1"
    "@peculiar/webcrypto" "1.4.1"
    "@types/node" "16.18.6"
    "deepmerge" "4.2.2"
    "node-fetch-native" "1.0.1"
    "rfc4648" "1.5.2"
    "snakecase-keys" "5.4.4"
    "tslib" "2.4.1"

"@clerk/clerk-sdk-node@^4.6.4":
  "version" "4.6.5"
  dependencies:
    "@clerk/backend" "^0.4.5"
    "@clerk/types" "^3.24.1"
    "@types/cookies" "0.7.7"
    "@types/express" "4.17.14"
    "@types/jsonwebtoken" "8.5.9"
    "@types/node-fetch" "2.6.2"
    "camelcase-keys" "6.2.2"
    "cookie" "0.5.0"
    "snakecase-keys" "3.2.1"
    "tslib" "2.4.1"

"@clerk/types@^3.24.1":
  "version" "3.25.0"
  dependencies:
    "csstype" "3.1.1"

"@google-cloud/functions-framework@^3.1.3":
  "version" "3.1.3"
  dependencies:
    "@types/express" "4.17.13"
    "body-parser" "^1.18.3"
    "cloudevents" "^6.0.0"
    "express" "^4.16.4"
    "minimist" "^1.2.7"
    "on-finished" "^2.3.0"
    "read-pkg-up" "^7.0.1"
    "semver" "^7.3.5"

"@google-cloud/paginator@^3.0.7":
  "version" "3.0.7"
  dependencies:
    "arrify" "^2.0.0"
    "extend" "^3.0.2"

"@google-cloud/projectify@^3.0.0":
  "version" "3.0.0"

"@google-cloud/promisify@^3.0.0":
  "version" "3.0.1"

"@google-cloud/storage@^6.9.1":
  "version" "6.9.1"
  dependencies:
    "@google-cloud/paginator" "^3.0.7"
    "@google-cloud/projectify" "^3.0.0"
    "@google-cloud/promisify" "^3.0.0"
    "abort-controller" "^3.0.0"
    "async-retry" "^1.3.3"
    "compressible" "^2.0.12"
    "duplexify" "^4.0.0"
    "ent" "^2.2.0"
    "extend" "^3.0.2"
    "gaxios" "^5.0.0"
    "google-auth-library" "^8.0.1"
    "mime" "^3.0.0"
    "mime-types" "^2.0.8"
    "p-limit" "^3.0.1"
    "retry-request" "^5.0.0"
    "teeny-request" "^8.0.0"
    "uuid" "^8.0.0"

"@peculiar/asn1-schema@^2.1.6", "@peculiar/asn1-schema@^2.3.0":
  "version" "2.3.3"
  dependencies:
    "asn1js" "^3.0.5"
    "pvtsutils" "^1.3.2"
    "tslib" "^2.4.0"

"@peculiar/json-schema@^1.1.12":
  "version" "1.1.12"
  dependencies:
    "tslib" "^2.0.0"

"@peculiar/webcrypto@1.4.1":
  "version" "1.4.1"
  dependencies:
    "@peculiar/asn1-schema" "^2.3.0"
    "@peculiar/json-schema" "^1.1.12"
    "pvtsutils" "^1.3.2"
    "tslib" "^2.4.1"
    "webcrypto-core" "^1.7.4"

"@tootallnate/once@2":
  "version" "2.0.0"

"@types/body-parser@*":
  "version" "1.19.2"
  dependencies:
    "@types/connect" "*"
    "@types/node" "*"

"@types/connect@*":
  "version" "3.4.35"
  dependencies:
    "@types/node" "*"

"@types/cookies@0.7.7":
  "version" "0.7.7"
  dependencies:
    "@types/connect" "*"
    "@types/express" "*"
    "@types/keygrip" "*"
    "@types/node" "*"

"@types/express-serve-static-core@^4.17.18", "@types/express-serve-static-core@^4.17.31":
  "version" "4.17.33"
  dependencies:
    "@types/node" "*"
    "@types/qs" "*"
    "@types/range-parser" "*"

"@types/express@*":
  "version" "4.17.16"
  dependencies:
    "@types/body-parser" "*"
    "@types/express-serve-static-core" "^4.17.31"
    "@types/qs" "*"
    "@types/serve-static" "*"

"@types/express@4.17.13":
  "version" "4.17.13"
  dependencies:
    "@types/body-parser" "*"
    "@types/express-serve-static-core" "^4.17.18"
    "@types/qs" "*"
    "@types/serve-static" "*"

"@types/express@4.17.14":
  "version" "4.17.14"
  dependencies:
    "@types/body-parser" "*"
    "@types/express-serve-static-core" "^4.17.18"
    "@types/qs" "*"
    "@types/serve-static" "*"

"@types/jsonwebtoken@8.5.9":
  "version" "8.5.9"
  dependencies:
    "@types/node" "*"

"@types/keygrip@*":
  "version" "1.0.2"

"@types/mime@*":
  "version" "3.0.1"

"@types/node-fetch@2.6.2":
  "version" "2.6.2"
  dependencies:
    "@types/node" "*"
    "form-data" "^3.0.0"

"@types/node@*":
  "version" "18.11.18"

"@types/node@16.18.6":
  "version" "16.18.6"

"@types/normalize-package-data@^2.4.0":
  "version" "2.4.1"

"@types/qs@*":
  "version" "6.9.7"

"@types/range-parser@*":
  "version" "1.2.4"

"@types/serve-static@*":
  "version" "1.15.0"
  dependencies:
    "@types/mime" "*"
    "@types/node" "*"

"abort-controller@^3.0.0":
  "version" "3.0.0"
  dependencies:
    "event-target-shim" "^5.0.0"

"accepts@~1.3.8":
  "version" "1.3.8"
  dependencies:
    "mime-types" "~2.1.34"
    "negotiator" "0.6.3"

"agent-base@6":
  "version" "6.0.2"
  dependencies:
    "debug" "4"

"ajv-formats@^2.1.1":
  "version" "2.1.1"
  dependencies:
    "ajv" "^8.0.0"

"ajv@^8.0.0", "ajv@^8.11.0":
  "version" "8.12.0"
  dependencies:
    "fast-deep-equal" "^3.1.1"
    "json-schema-traverse" "^1.0.0"
    "require-from-string" "^2.0.2"
    "uri-js" "^4.2.2"

"ansi-styles@^3.2.1":
  "version" "3.2.1"
  dependencies:
    "color-convert" "^1.9.0"

"array-flatten@1.1.1":
  "version" "1.1.1"

"arrify@^2.0.0":
  "version" "2.0.1"

"asn1js@^3.0.1", "asn1js@^3.0.5":
  "version" "3.0.5"
  dependencies:
    "pvtsutils" "^1.3.2"
    "pvutils" "^1.1.3"
    "tslib" "^2.4.0"

"async-retry@^1.3.3":
  "version" "1.3.3"
  dependencies:
    "retry" "0.13.1"

"asynckit@^0.4.0":
  "version" "0.4.0"

"available-typed-arrays@^1.0.5":
  "version" "1.0.5"

"base64-js@^1.3.0":
  "version" "1.5.1"

"bignumber.js@^9.0.0":
  "version" "9.1.1"

"body-parser@^1.18.3", "body-parser@1.20.1":
  "version" "1.20.1"
  dependencies:
    "bytes" "3.1.2"
    "content-type" "~1.0.4"
    "debug" "2.6.9"
    "depd" "2.0.0"
    "destroy" "1.2.0"
    "http-errors" "2.0.0"
    "iconv-lite" "0.4.24"
    "on-finished" "2.4.1"
    "qs" "6.11.0"
    "raw-body" "2.5.1"
    "type-is" "~1.6.18"
    "unpipe" "1.0.0"

"buffer-equal-constant-time@1.0.1":
  "version" "1.0.1"

"bytes@3.1.2":
  "version" "3.1.2"

"call-bind@^1.0.0", "call-bind@^1.0.2":
  "version" "1.0.2"
  dependencies:
    "function-bind" "^1.1.1"
    "get-intrinsic" "^1.0.2"

"camelcase-keys@6.2.2":
  "version" "6.2.2"
  dependencies:
    "camelcase" "^5.3.1"
    "map-obj" "^4.0.0"
    "quick-lru" "^4.0.1"

"camelcase@^5.3.1":
  "version" "5.3.1"

"chalk@^2.0.0":
  "version" "2.4.2"
  dependencies:
    "ansi-styles" "^3.2.1"
    "escape-string-regexp" "^1.0.5"
    "supports-color" "^5.3.0"

"cloudevents@^6.0.0":
  "version" "6.0.3"
  dependencies:
    "ajv" "^8.11.0"
    "ajv-formats" "^2.1.1"
    "util" "^0.12.4"
    "uuid" "^8.3.2"

"color-convert@^1.9.0":
  "version" "1.9.3"
  dependencies:
    "color-name" "1.1.3"

"color-name@1.1.3":
  "version" "1.1.3"

"combined-stream@^1.0.8":
  "version" "1.0.8"
  dependencies:
    "delayed-stream" "~1.0.0"

"compressible@^2.0.12":
  "version" "2.0.18"
  dependencies:
    "mime-db" ">= 1.43.0 < 2"

"content-disposition@0.5.4":
  "version" "0.5.4"
  dependencies:
    "safe-buffer" "5.2.1"

"content-type@~1.0.4":
  "version" "1.0.4"

"cookie-signature@1.0.6":
  "version" "1.0.6"

"cookie@0.5.0":
  "version" "0.5.0"

"cookies@^0.8.0":
  "integrity" "sha512-8aPsApQfebXnuI+537McwYsDtjVxGm8gTIzQI3FDW6t5t/DAhERxtnbEPN/8RX+uZthoz4eCOgloXaE5cYyNow=="
  "resolved" "https://registry.npmjs.org/cookies/-/cookies-0.8.0.tgz"
  "version" "0.8.0"
  dependencies:
    "depd" "~2.0.0"
    "keygrip" "~1.1.0"

"csstype@3.1.1":
  "version" "3.1.1"

"debug@^4.1.1":
  "version" "4.3.4"
  dependencies:
    "ms" "2.1.2"

"debug@2.6.9":
  "version" "2.6.9"
  dependencies:
    "ms" "2.0.0"

"debug@4":
  "version" "4.3.4"
  dependencies:
    "ms" "2.1.2"

"deepmerge@4.2.2":
  "version" "4.2.2"

"delayed-stream@~1.0.0":
  "version" "1.0.0"

"depd@~2.0.0", "depd@2.0.0":
  "version" "2.0.0"

"destroy@1.2.0":
  "version" "1.2.0"

"dot-case@^3.0.4":
  "version" "3.0.4"
  dependencies:
    "no-case" "^3.0.4"
    "tslib" "^2.0.3"

"duplexify@^4.0.0":
  "version" "4.1.2"
  dependencies:
    "end-of-stream" "^1.4.1"
    "inherits" "^2.0.3"
    "readable-stream" "^3.1.1"
    "stream-shift" "^1.0.0"

"ecdsa-sig-formatter@^1.0.11", "ecdsa-sig-formatter@1.0.11":
  "version" "1.0.11"
  dependencies:
    "safe-buffer" "^5.0.1"

"ee-first@1.1.1":
  "version" "1.1.1"

"encodeurl@~1.0.2":
  "version" "1.0.2"

"end-of-stream@^1.4.1":
  "version" "1.4.4"
  dependencies:
    "once" "^1.4.0"

"ent@^2.2.0":
  "version" "2.2.0"

"error-ex@^1.3.1":
  "version" "1.3.2"
  dependencies:
    "is-arrayish" "^0.2.1"

"escape-html@~1.0.3":
  "version" "1.0.3"

"escape-string-regexp@^1.0.5":
  "version" "1.0.5"

"etag@~1.8.1":
  "version" "1.8.1"

"event-target-shim@^5.0.0":
  "version" "5.0.1"

"express@^4.16.4":
  "version" "4.18.2"
  dependencies:
    "accepts" "~1.3.8"
    "array-flatten" "1.1.1"
    "body-parser" "1.20.1"
    "content-disposition" "0.5.4"
    "content-type" "~1.0.4"
    "cookie" "0.5.0"
    "cookie-signature" "1.0.6"
    "debug" "2.6.9"
    "depd" "2.0.0"
    "encodeurl" "~1.0.2"
    "escape-html" "~1.0.3"
    "etag" "~1.8.1"
    "finalhandler" "1.2.0"
    "fresh" "0.5.2"
    "http-errors" "2.0.0"
    "merge-descriptors" "1.0.1"
    "methods" "~1.1.2"
    "on-finished" "2.4.1"
    "parseurl" "~1.3.3"
    "path-to-regexp" "0.1.7"
    "proxy-addr" "~2.0.7"
    "qs" "6.11.0"
    "range-parser" "~1.2.1"
    "safe-buffer" "5.2.1"
    "send" "0.18.0"
    "serve-static" "1.15.0"
    "setprototypeof" "1.2.0"
    "statuses" "2.0.1"
    "type-is" "~1.6.18"
    "utils-merge" "1.0.1"
    "vary" "~1.1.2"

"extend@^3.0.2":
  "version" "3.0.2"

"fast-deep-equal@^3.1.1":
  "version" "3.1.3"

"fast-text-encoding@^1.0.0":
  "version" "1.0.6"

"finalhandler@1.2.0":
  "version" "1.2.0"
  dependencies:
    "debug" "2.6.9"
    "encodeurl" "~1.0.2"
    "escape-html" "~1.0.3"
    "on-finished" "2.4.1"
    "parseurl" "~1.3.3"
    "statuses" "2.0.1"
    "unpipe" "~1.0.0"

"find-up@^4.1.0":
  "version" "4.1.0"
  dependencies:
    "locate-path" "^5.0.0"
    "path-exists" "^4.0.0"

"for-each@^0.3.3":
  "version" "0.3.3"
  dependencies:
    "is-callable" "^1.1.3"

"form-data@^3.0.0":
  "version" "3.0.1"
  dependencies:
    "asynckit" "^0.4.0"
    "combined-stream" "^1.0.8"
    "mime-types" "^2.1.12"

"forwarded@0.2.0":
  "version" "0.2.0"

"fresh@0.5.2":
  "version" "0.5.2"

"function-bind@^1.1.1":
  "version" "1.1.1"

"gaxios@^5.0.0", "gaxios@^5.0.1":
  "version" "5.0.2"
  dependencies:
    "extend" "^3.0.2"
    "https-proxy-agent" "^5.0.0"
    "is-stream" "^2.0.0"
    "node-fetch" "^2.6.7"

"gcp-metadata@^5.0.0":
  "version" "5.2.0"
  dependencies:
    "gaxios" "^5.0.0"
    "json-bigint" "^1.0.0"

"get-intrinsic@^1.0.2", "get-intrinsic@^1.1.3":
  "version" "1.2.0"
  dependencies:
    "function-bind" "^1.1.1"
    "has" "^1.0.3"
    "has-symbols" "^1.0.3"

"google-auth-library@^8.0.1":
  "version" "8.7.0"
  dependencies:
    "arrify" "^2.0.0"
    "base64-js" "^1.3.0"
    "ecdsa-sig-formatter" "^1.0.11"
    "fast-text-encoding" "^1.0.0"
    "gaxios" "^5.0.0"
    "gcp-metadata" "^5.0.0"
    "gtoken" "^6.1.0"
    "jws" "^4.0.0"
    "lru-cache" "^6.0.0"

"google-p12-pem@^4.0.0":
  "version" "4.0.1"
  dependencies:
    "node-forge" "^1.3.1"

"gopd@^1.0.1":
  "version" "1.0.1"
  dependencies:
    "get-intrinsic" "^1.1.3"

"gtoken@^6.1.0":
  "version" "6.1.2"
  dependencies:
    "gaxios" "^5.0.1"
    "google-p12-pem" "^4.0.0"
    "jws" "^4.0.0"

"has-flag@^3.0.0":
  "version" "3.0.0"

"has-symbols@^1.0.2", "has-symbols@^1.0.3":
  "version" "1.0.3"

"has-tostringtag@^1.0.0":
  "version" "1.0.0"
  dependencies:
    "has-symbols" "^1.0.2"

"has@^1.0.3":
  "version" "1.0.3"
  dependencies:
    "function-bind" "^1.1.1"

"hosted-git-info@^2.1.4":
  "version" "2.8.9"

"http-errors@2.0.0":
  "version" "2.0.0"
  dependencies:
    "depd" "2.0.0"
    "inherits" "2.0.4"
    "setprototypeof" "1.2.0"
    "statuses" "2.0.1"
    "toidentifier" "1.0.1"

"http-proxy-agent@^5.0.0":
  "version" "5.0.0"
  dependencies:
    "@tootallnate/once" "2"
    "agent-base" "6"
    "debug" "4"

"https-proxy-agent@^5.0.0":
  "version" "5.0.1"
  dependencies:
    "agent-base" "6"
    "debug" "4"

"iconv-lite@0.4.24":
  "version" "0.4.24"
  dependencies:
    "safer-buffer" ">= 2.1.2 < 3"

"inherits@^2.0.3", "inherits@2.0.4":
  "version" "2.0.4"

"ipaddr.js@1.9.1":
  "version" "1.9.1"

"is-arguments@^1.0.4":
  "version" "1.1.1"
  dependencies:
    "call-bind" "^1.0.2"
    "has-tostringtag" "^1.0.0"

"is-arrayish@^0.2.1":
  "version" "0.2.1"

"is-callable@^1.1.3":
  "version" "1.2.7"

"is-core-module@^2.9.0":
  "version" "2.11.0"
  dependencies:
    "has" "^1.0.3"

"is-generator-function@^1.0.7":
  "version" "1.0.10"
  dependencies:
    "has-tostringtag" "^1.0.0"

"is-stream@^2.0.0":
  "version" "2.0.1"

"is-typed-array@^1.1.10", "is-typed-array@^1.1.3":
  "version" "1.1.10"
  dependencies:
    "available-typed-arrays" "^1.0.5"
    "call-bind" "^1.0.2"
    "for-each" "^0.3.3"
    "gopd" "^1.0.1"
    "has-tostringtag" "^1.0.0"

"js-tokens@^4.0.0":
  "version" "4.0.0"

"json-bigint@^1.0.0":
  "version" "1.0.0"
  dependencies:
    "bignumber.js" "^9.0.0"

"json-parse-even-better-errors@^2.3.0":
  "version" "2.3.1"

"json-schema-traverse@^1.0.0":
  "version" "1.0.0"

"jwa@^2.0.0":
  "version" "2.0.0"
  dependencies:
    "buffer-equal-constant-time" "1.0.1"
    "ecdsa-sig-formatter" "1.0.11"
    "safe-buffer" "^5.0.1"

"jws@^4.0.0":
  "version" "4.0.0"
  dependencies:
    "jwa" "^2.0.0"
    "safe-buffer" "^5.0.1"

"keygrip@~1.1.0":
  "integrity" "sha512-iYSchDJ+liQ8iwbSI2QqsQOvqv58eJCEanyJPJi+Khyu8smkcKSFUCbPwzFcL7YVtZ6eONjqRX/38caJ7QjRAQ=="
  "resolved" "https://registry.npmjs.org/keygrip/-/keygrip-1.1.0.tgz"
  "version" "1.1.0"
  dependencies:
    "tsscmp" "1.0.6"

"lines-and-columns@^1.1.6":
  "version" "1.2.4"

"locate-path@^5.0.0":
  "version" "5.0.0"
  dependencies:
    "p-locate" "^4.1.0"

"lower-case@^2.0.2":
  "version" "2.0.2"
  dependencies:
    "tslib" "^2.0.3"

"lru-cache@^6.0.0":
  "version" "6.0.0"
  dependencies:
    "yallist" "^4.0.0"

"map-obj@^4.0.0", "map-obj@^4.1.0":
  "version" "4.3.0"

"media-typer@0.3.0":
  "version" "0.3.0"

"merge-descriptors@1.0.1":
  "version" "1.0.1"

"methods@~1.1.2":
  "version" "1.1.2"

"mime-db@>= 1.43.0 < 2", "mime-db@1.52.0":
  "version" "1.52.0"

"mime-types@^2.0.8", "mime-types@^2.1.12", "mime-types@~2.1.24", "mime-types@~2.1.34":
  "version" "2.1.35"
  dependencies:
    "mime-db" "1.52.0"

"mime@^3.0.0":
  "version" "3.0.0"

"mime@1.6.0":
  "version" "1.6.0"

"minimist@^1.2.7":
  "version" "1.2.7"

"ms@2.0.0":
  "version" "2.0.0"

"ms@2.1.2":
  "version" "2.1.2"

"ms@2.1.3":
  "version" "2.1.3"

"negotiator@0.6.3":
  "version" "0.6.3"

"no-case@^3.0.4":
  "version" "3.0.4"
  dependencies:
    "lower-case" "^2.0.2"
    "tslib" "^2.0.3"

"node-fetch-native@1.0.1":
  "version" "1.0.1"

"node-fetch@^2.6.1", "node-fetch@^2.6.7":
  "version" "2.6.8"
  dependencies:
    "whatwg-url" "^5.0.0"

"node-forge@^1.3.1":
  "version" "1.3.1"

"normalize-package-data@^2.5.0":
  "version" "2.5.0"
  dependencies:
    "hosted-git-info" "^2.1.4"
    "resolve" "^1.10.0"
    "semver" "2 || 3 || 4 || 5"
    "validate-npm-package-license" "^3.0.1"

"object-inspect@^1.9.0":
  "version" "1.12.3"

"on-finished@^2.3.0", "on-finished@2.4.1":
  "version" "2.4.1"
  dependencies:
    "ee-first" "1.1.1"

"once@^1.4.0":
  "version" "1.4.0"
  dependencies:
    "wrappy" "1"

"p-limit@^2.2.0":
  "version" "2.3.0"
  dependencies:
    "p-try" "^2.0.0"

"p-limit@^3.0.1":
  "version" "3.1.0"
  dependencies:
    "yocto-queue" "^0.1.0"

"p-locate@^4.1.0":
  "version" "4.1.0"
  dependencies:
    "p-limit" "^2.2.0"

"p-try@^2.0.0":
  "version" "2.2.0"

"parse-json@^5.0.0":
  "version" "5.2.0"
  dependencies:
    "@babel/code-frame" "^7.0.0"
    "error-ex" "^1.3.1"
    "json-parse-even-better-errors" "^2.3.0"
    "lines-and-columns" "^1.1.6"

"parseurl@~1.3.3":
  "version" "1.3.3"

"path-exists@^4.0.0":
  "version" "4.0.0"

"path-parse@^1.0.7":
  "version" "1.0.7"

"path-to-regexp@0.1.7":
  "version" "0.1.7"

"proxy-addr@~2.0.7":
  "version" "2.0.7"
  dependencies:
    "forwarded" "0.2.0"
    "ipaddr.js" "1.9.1"

"punycode@^2.1.0":
  "version" "2.3.0"

"pvtsutils@^1.3.2":
  "version" "1.3.2"
  dependencies:
    "tslib" "^2.4.0"

"pvutils@^1.1.3":
  "version" "1.1.3"

"qs@6.11.0":
  "version" "6.11.0"
  dependencies:
    "side-channel" "^1.0.4"

"quick-lru@^4.0.1":
  "version" "4.0.1"

"range-parser@~1.2.1":
  "version" "1.2.1"

"raw-body@2.5.1":
  "version" "2.5.1"
  dependencies:
    "bytes" "3.1.2"
    "http-errors" "2.0.0"
    "iconv-lite" "0.4.24"
    "unpipe" "1.0.0"

"read-pkg-up@^7.0.1":
  "version" "7.0.1"
  dependencies:
    "find-up" "^4.1.0"
    "read-pkg" "^5.2.0"
    "type-fest" "^0.8.1"

"read-pkg@^5.2.0":
  "version" "5.2.0"
  dependencies:
    "@types/normalize-package-data" "^2.4.0"
    "normalize-package-data" "^2.5.0"
    "parse-json" "^5.0.0"
    "type-fest" "^0.6.0"

"readable-stream@^3.1.1":
  "version" "3.6.0"
  dependencies:
    "inherits" "^2.0.3"
    "string_decoder" "^1.1.1"
    "util-deprecate" "^1.0.1"

"require-from-string@^2.0.2":
  "version" "2.0.2"

"resolve@^1.10.0":
  "version" "1.22.1"
  dependencies:
    "is-core-module" "^2.9.0"
    "path-parse" "^1.0.7"
    "supports-preserve-symlinks-flag" "^1.0.0"

"retry-request@^5.0.0":
  "version" "5.0.2"
  dependencies:
    "debug" "^4.1.1"
    "extend" "^3.0.2"

"retry@0.13.1":
  "version" "0.13.1"

"rfc4648@1.5.2":
  "version" "1.5.2"

"safe-buffer@^5.0.1", "safe-buffer@~5.2.0", "safe-buffer@5.2.1":
  "version" "5.2.1"

"safer-buffer@>= 2.1.2 < 3":
  "version" "2.1.2"

"semver@^7.3.5":
  "version" "7.3.8"
  dependencies:
    "lru-cache" "^6.0.0"

"semver@2 || 3 || 4 || 5":
  "version" "5.7.1"

"send@0.18.0":
  "version" "0.18.0"
  dependencies:
    "debug" "2.6.9"
    "depd" "2.0.0"
    "destroy" "1.2.0"
    "encodeurl" "~1.0.2"
    "escape-html" "~1.0.3"
    "etag" "~1.8.1"
    "fresh" "0.5.2"
    "http-errors" "2.0.0"
    "mime" "1.6.0"
    "ms" "2.1.3"
    "on-finished" "2.4.1"
    "range-parser" "~1.2.1"
    "statuses" "2.0.1"

"serve-static@1.15.0":
  "version" "1.15.0"
  dependencies:
    "encodeurl" "~1.0.2"
    "escape-html" "~1.0.3"
    "parseurl" "~1.3.3"
    "send" "0.18.0"

"setprototypeof@1.2.0":
  "version" "1.2.0"

"side-channel@^1.0.4":
  "version" "1.0.4"
  dependencies:
    "call-bind" "^1.0.0"
    "get-intrinsic" "^1.0.2"
    "object-inspect" "^1.9.0"

"snake-case@^3.0.4":
  "version" "3.0.4"
  dependencies:
    "dot-case" "^3.0.4"
    "tslib" "^2.0.3"

"snakecase-keys@3.2.1":
  "version" "3.2.1"
  dependencies:
    "map-obj" "^4.1.0"
    "to-snake-case" "^1.0.0"

"snakecase-keys@5.4.4":
  "version" "5.4.4"
  dependencies:
    "map-obj" "^4.1.0"
    "snake-case" "^3.0.4"
    "type-fest" "^2.5.2"

"spdx-correct@^3.0.0":
  "version" "3.1.1"
  dependencies:
    "spdx-expression-parse" "^3.0.0"
    "spdx-license-ids" "^3.0.0"

"spdx-exceptions@^2.1.0":
  "version" "2.3.0"

"spdx-expression-parse@^3.0.0":
  "version" "3.0.1"
  dependencies:
    "spdx-exceptions" "^2.1.0"
    "spdx-license-ids" "^3.0.0"

"spdx-license-ids@^3.0.0":
  "version" "3.0.12"

"statuses@2.0.1":
  "version" "2.0.1"

"stream-events@^1.0.5":
  "version" "1.0.5"
  dependencies:
    "stubs" "^3.0.0"

"stream-shift@^1.0.0":
  "version" "1.0.1"

"string_decoder@^1.1.1":
  "version" "1.3.0"
  dependencies:
    "safe-buffer" "~5.2.0"

"stubs@^3.0.0":
  "version" "3.0.0"

"supports-color@^5.3.0":
  "version" "5.5.0"
  dependencies:
    "has-flag" "^3.0.0"

"supports-preserve-symlinks-flag@^1.0.0":
  "version" "1.0.0"

"teeny-request@^8.0.0":
  "version" "8.0.2"
  dependencies:
    "http-proxy-agent" "^5.0.0"
    "https-proxy-agent" "^5.0.0"
    "node-fetch" "^2.6.1"
    "stream-events" "^1.0.5"
    "uuid" "^9.0.0"

"to-no-case@^1.0.0":
  "version" "1.0.2"

"to-snake-case@^1.0.0":
  "version" "1.0.0"
  dependencies:
    "to-space-case" "^1.0.0"

"to-space-case@^1.0.0":
  "version" "1.0.0"
  dependencies:
    "to-no-case" "^1.0.0"

"toidentifier@1.0.1":
  "version" "1.0.1"

"tr46@~0.0.3":
  "version" "0.0.3"

"tslib@^2.0.0", "tslib@^2.0.3", "tslib@^2.4.0", "tslib@^2.4.1":
  "version" "2.5.0"

"tslib@2.4.1":
  "version" "2.4.1"

"tsscmp@1.0.6":
  "integrity" "sha512-LxhtAkPDTkVCMQjt2h6eBVY28KCjikZqZfMcC15YBeNjkgUpdCfBu5HoiOTDu86v6smE8yOjyEktJ8hlbANHQA=="
  "resolved" "https://registry.npmjs.org/tsscmp/-/tsscmp-1.0.6.tgz"
  "version" "1.0.6"

"type-fest@^0.6.0":
  "version" "0.6.0"

"type-fest@^0.8.1":
  "version" "0.8.1"

"type-fest@^2.5.2":
  "version" "2.19.0"

"type-is@~1.6.18":
  "version" "1.6.18"
  dependencies:
    "media-typer" "0.3.0"
    "mime-types" "~2.1.24"

"unpipe@~1.0.0", "unpipe@1.0.0":
  "version" "1.0.0"

"uri-js@^4.2.2":
  "version" "4.4.1"
  dependencies:
    "punycode" "^2.1.0"

"util-deprecate@^1.0.1":
  "version" "1.0.2"

"util@^0.12.4":
  "version" "0.12.5"
  dependencies:
    "inherits" "^2.0.3"
    "is-arguments" "^1.0.4"
    "is-generator-function" "^1.0.7"
    "is-typed-array" "^1.1.3"
    "which-typed-array" "^1.1.2"

"utils-merge@1.0.1":
  "version" "1.0.1"

"uuid@^8.0.0", "uuid@^8.3.2":
  "version" "8.3.2"

"uuid@^9.0.0":
  "version" "9.0.0"

"validate-npm-package-license@^3.0.1":
  "version" "3.0.4"
  dependencies:
    "spdx-correct" "^3.0.0"
    "spdx-expression-parse" "^3.0.0"

"vary@~1.1.2":
  "version" "1.1.2"

"webcrypto-core@^1.7.4":
  "version" "1.7.5"
  dependencies:
    "@peculiar/asn1-schema" "^2.1.6"
    "@peculiar/json-schema" "^1.1.12"
    "asn1js" "^3.0.1"
    "pvtsutils" "^1.3.2"
    "tslib" "^2.4.0"

"webidl-conversions@^3.0.0":
  "version" "3.0.1"

"whatwg-url@^5.0.0":
  "version" "5.0.0"
  dependencies:
    "tr46" "~0.0.3"
    "webidl-conversions" "^3.0.0"

"which-typed-array@^1.1.2":
  "version" "1.1.9"
  dependencies:
    "available-typed-arrays" "^1.0.5"
    "call-bind" "^1.0.2"
    "for-each" "^0.3.3"
    "gopd" "^1.0.1"
    "has-tostringtag" "^1.0.0"
    "is-typed-array" "^1.1.10"

"wrappy@1":
  "version" "1.0.2"

"yallist@^4.0.0":
  "version" "4.0.0"

"yocto-queue@^0.1.0":
  "version" "0.1.0"
